
Microsoft Visual Studio Solution File, Format Version 12.00
# Visual Studio Version 16
VisualStudioVersion = 16.0.31205.134
MinimumVisualStudioVersion = 10.0.40219.1
Project("{FAE04EC0-301F-11D3-BF4B-00C04F79EFBC}") = "OV7725", "OV7670\OV7725.csproj", "{78448976-538F-4EAE-8B76-E3D314DC432A}"
EndProject
Global
	GlobalSection(SolutionConfigurationPlatforms) = preSolution
		Debug|Any CPU = Debug|Any CPU
		Release|Any CPU = Release|Any CPU
	EndGlobalSection
	GlobalSection(ProjectConfigurationPlatforms) = postSolution
		{78448976-538F-4EAE-8B76-E3D314DC432A}.Debug|Any CPU.ActiveCfg = Debug|Any CPU
		{78448976-538F-4EAE-8B76-E3D314DC432A}.Debug|Any CPU.Build.0 = Debug|Any CPU
		{78448976-538F-4EAE-8B76-E3D314DC432A}.Release|Any CPU.ActiveCfg = Release|Any CPU
		{78448976-538F-4EAE-8B76-E3D314DC432A}.Release|Any CPU.Build.0 = Release|Any CPU
	EndGlobalSection
	GlobalSection(SolutionProperties) = preSolution
		HideSolutionNode = FALSE
	EndGlobalSection
	GlobalSection(ExtensibilityGlobals) = postSolution
		SolutionGuid = {435C0107-3301-4FBD-AC33-048E58711C22}
	EndGlobalSection
EndGlobal
